
Microsoft Visual Studio Solution File, Format Version 12.00
# Visual Studio Version 17
VisualStudioVersion = 17.7.34031.279
MinimumVisualStudioVersion = 10.0.40219.1
Project("{FAE04EC0-301F-11D3-BF4B-00C04F79EFBC}") = "Práctica 3", "Práctica 3.csproj", "{A7F6FCBD-A07E-4FB7-8BFD-801D2F039689}"
EndProject
Global
	GlobalSection(SolutionConfigurationPlatforms) = preSolution
		Debug|Any CPU = Debug|Any CPU
		Release|Any CPU = Release|Any CPU
	EndGlobalSection
	GlobalSection(ProjectConfigurationPlatforms) = postSolution
		{A7F6FCBD-A07E-4FB7-8BFD-801D2F039689}.Debug|Any CPU.ActiveCfg = Debug|Any CPU
		{A7F6FCBD-A07E-4FB7-8BFD-801D2F039689}.Debug|Any CPU.Build.0 = Debug|Any CPU
		{A7F6FCBD-A07E-4FB7-8BFD-801D2F039689}.Release|Any CPU.ActiveCfg = Release|Any CPU
		{A7F6FCBD-A07E-4FB7-8BFD-801D2F039689}.Release|Any CPU.Build.0 = Release|Any CPU
	EndGlobalSection
	GlobalSection(SolutionProperties) = preSolution
		HideSolutionNode = FALSE
	EndGlobalSection
	GlobalSection(ExtensibilityGlobals) = postSolution
		SolutionGuid = {D09A8441-90BF-4FF1-9CAD-431D87A3B8F5}
	EndGlobalSection
EndGlobal
